
Microsoft Visual Studio Solution File, Format Version 12.00
# Visual Studio Version 17
VisualStudioVersion = 17.14.36511.14
MinimumVisualStudioVersion = 10.0.40219.1
Project("{FAE04EC0-301F-11D3-BF4B-00C04F79EFBC}") = "Bluegrass.Application", "Bluegrass.Application\Bluegrass.Application.csproj", "{10AEFB35-21E4-47AE-BDE0-E612441C836C}"
EndProject
Project("{FAE04EC0-301F-11D3-BF4B-00C04F79EFBC}") = "Bluegrass.Umbraco", "Bluegrass.Umbraco\Bluegrass.Umbraco.csproj", "{2F8348CE-2C1E-168B-DA72-1F067D341E65}"
EndProject
Project("{FAE04EC0-301F-11D3-BF4B-00C04F79EFBC}") = "Bluegrass.Models", "Bluegrass.Models\Bluegrass.Models.csproj", "{3093576B-AE03-4F0A-ADB8-612CE4F15555}"
EndProject
Global
	GlobalSection(SolutionConfigurationPlatforms) = preSolution
		Debug|Any CPU = Debug|Any CPU
		Release|Any CPU = Release|Any CPU
	EndGlobalSection
	GlobalSection(ProjectConfigurationPlatforms) = postSolution
		{10AEFB35-21E4-47AE-BDE0-E612441C836C}.Debug|Any CPU.ActiveCfg = Debug|Any CPU
		{10AEFB35-21E4-47AE-BDE0-E612441C836C}.Debug|Any CPU.Build.0 = Debug|Any CPU
		{10AEFB35-21E4-47AE-BDE0-E612441C836C}.Release|Any CPU.ActiveCfg = Release|Any CPU
		{10AEFB35-21E4-47AE-BDE0-E612441C836C}.Release|Any CPU.Build.0 = Release|Any CPU
		{2F8348CE-2C1E-168B-DA72-1F067D341E65}.Debug|Any CPU.ActiveCfg = Debug|Any CPU
		{2F8348CE-2C1E-168B-DA72-1F067D341E65}.Debug|Any CPU.Build.0 = Debug|Any CPU
		{2F8348CE-2C1E-168B-DA72-1F067D341E65}.Release|Any CPU.ActiveCfg = Release|Any CPU
		{2F8348CE-2C1E-168B-DA72-1F067D341E65}.Release|Any CPU.Build.0 = Release|Any CPU
		{3093576B-AE03-4F0A-ADB8-612CE4F15555}.Debug|Any CPU.ActiveCfg = Debug|Any CPU
		{3093576B-AE03-4F0A-ADB8-612CE4F15555}.Debug|Any CPU.Build.0 = Debug|Any CPU
		{3093576B-AE03-4F0A-ADB8-612CE4F15555}.Release|Any CPU.ActiveCfg = Release|Any CPU
		{3093576B-AE03-4F0A-ADB8-612CE4F15555}.Release|Any CPU.Build.0 = Release|Any CPU
	EndGlobalSection
	GlobalSection(SolutionProperties) = preSolution
		HideSolutionNode = FALSE
	EndGlobalSection
	GlobalSection(ExtensibilityGlobals) = postSolution
		SolutionGuid = {05C361FD-DF7B-4BDF-A315-326945847A96}
	EndGlobalSection
EndGlobal
